
Microsoft Visual Studio Solution File, Format Version 11.00
# Visual Studio 2010
Project("{6989167D-11E4-40FE-8C1A-2192A86A7E90}") = "seep2d", "seep2d.vfproj", "{BD134EFE-691E-48E2-AB9F-A15EAB8984CE}"
EndProject
Global
	GlobalSection(SolutionConfigurationPlatforms) = preSolution
		Debug|Win32 = Debug|Win32
		Release|Win32 = Release|Win32
	EndGlobalSection
	GlobalSection(ProjectConfigurationPlatforms) = postSolution
		{BD134EFE-691E-48E2-AB9F-A15EAB8984CE}.Debug|Win32.ActiveCfg = Debug|Win32
		{BD134EFE-691E-48E2-AB9F-A15EAB8984CE}.Debug|Win32.Build.0 = Debug|Win32
		{BD134EFE-691E-48E2-AB9F-A15EAB8984CE}.Release|Win32.ActiveCfg = Release|Win32
		{BD134EFE-691E-48E2-AB9F-A15EAB8984CE}.Release|Win32.Build.0 = Release|Win32
	EndGlobalSection
	GlobalSection(SolutionProperties) = preSolution
		HideSolutionNode = FALSE
	EndGlobalSection
EndGlobal
